
Microsoft Visual Studio Solution File, Format Version 12.00
# Visual Studio Version 16
VisualStudioVersion = 16.0.29215.179
MinimumVisualStudioVersion = 10.0.40219.1
Project("{9A19103F-16F7-4668-BE54-9A1E7A4F7556}") = "Livraria", "Livraria\Livraria.csproj", "{35CDA3FD-DB6D-4ECF-9198-9007948B9960}"
EndProject
Project("{9A19103F-16F7-4668-BE54-9A1E7A4F7556}") = "TestLivraria", "TestLivraria\TestLivraria.csproj", "{7556F20F-AEBF-4302-949F-45FF3034F21F}"
EndProject
Global
	GlobalSection(SolutionConfigurationPlatforms) = preSolution
		Debug|Any CPU = Debug|Any CPU
		Release|Any CPU = Release|Any CPU
	EndGlobalSection
	GlobalSection(ProjectConfigurationPlatforms) = postSolution
		{35CDA3FD-DB6D-4ECF-9198-9007948B9960}.Debug|Any CPU.ActiveCfg = Debug|Any CPU
		{35CDA3FD-DB6D-4ECF-9198-9007948B9960}.Debug|Any CPU.Build.0 = Debug|Any CPU
		{35CDA3FD-DB6D-4ECF-9198-9007948B9960}.Release|Any CPU.ActiveCfg = Release|Any CPU
		{35CDA3FD-DB6D-4ECF-9198-9007948B9960}.Release|Any CPU.Build.0 = Release|Any CPU
		{7556F20F-AEBF-4302-949F-45FF3034F21F}.Debug|Any CPU.ActiveCfg = Debug|Any CPU
		{7556F20F-AEBF-4302-949F-45FF3034F21F}.Debug|Any CPU.Build.0 = Debug|Any CPU
		{7556F20F-AEBF-4302-949F-45FF3034F21F}.Release|Any CPU.ActiveCfg = Release|Any CPU
		{7556F20F-AEBF-4302-949F-45FF3034F21F}.Release|Any CPU.Build.0 = Release|Any CPU
	EndGlobalSection
	GlobalSection(SolutionProperties) = preSolution
		HideSolutionNode = FALSE
	EndGlobalSection
	GlobalSection(ExtensibilityGlobals) = postSolution
		SolutionGuid = {54B4C8A4-7DDF-4BF4-AA83-915ECAE5803F}
	EndGlobalSection
EndGlobal
